<Solution>
  <Folder Name="/Solution Items/">
    <File Path=".editorconfig" />
  </Folder>
  <Project Path="Project.Tests/Project.Tests.csproj" Id="fed69c1d-8a5a-4c85-9fee-529df158faa1" />
  <Project Path="Project.Api/Project.Api.csproj" />
  <Project Path="Project.Core/Project.Core.csproj" Id="0632a646-5070-418d-8481-619a2d602a9d" />
  <Project Path="Project.Data/Project.Data.csproj" Id="6ce4a5ce-5898-4573-8291-71363624350c" />
  <Project Path="Project.Shared/Project.Shared.csproj" Id="e8ee2be6-ddcc-4d55-8cac-1bfe5db4a366" />
</Solution>
